
Microsoft Visual Studio Solution File, Format Version 12.00
# Visual Studio Version 16
VisualStudioVersion = 16.0.31624.102
MinimumVisualStudioVersion = 10.0.40219.1
Project("{9A19103F-16F7-4668-BE54-9A1E7A4F7556}") = "VeeGroupsApi", "VeeGroupsApi\VeeGroupsApi.csproj", "{E7C8A722-70AB-4CFB-A4B7-A4DBE6D093EA}"
EndProject
Project("{9A19103F-16F7-4668-BE54-9A1E7A4F7556}") = "LoggerService", "LoggerManager\LoggerService.csproj", "{284ED061-8190-48D5-B9F0-6922C5480ACD}"
EndProject
Project("{9A19103F-16F7-4668-BE54-9A1E7A4F7556}") = "Contracts", "Contracts\Contracts.csproj", "{604A38EA-FCE4-4169-937A-4546549EE850}"
EndProject
Project("{9A19103F-16F7-4668-BE54-9A1E7A4F7556}") = "Entities", "Entities\Entities.csproj", "{B0C89874-5F47-466C-8C5E-04076FE022ED}"
EndProject
Project("{9A19103F-16F7-4668-BE54-9A1E7A4F7556}") = "TelegramBotService", "TelegramBotService\TelegramBotService.csproj", "{895068FC-046A-48C0-AC32-B344A9B01637}"
EndProject
Global
	GlobalSection(SolutionConfigurationPlatforms) = preSolution
		Debug|Any CPU = Debug|Any CPU
		Release|Any CPU = Release|Any CPU
	EndGlobalSection
	GlobalSection(ProjectConfigurationPlatforms) = postSolution
		{E7C8A722-70AB-4CFB-A4B7-A4DBE6D093EA}.Debug|Any CPU.ActiveCfg = Debug|Any CPU
		{E7C8A722-70AB-4CFB-A4B7-A4DBE6D093EA}.Debug|Any CPU.Build.0 = Debug|Any CPU
		{E7C8A722-70AB-4CFB-A4B7-A4DBE6D093EA}.Release|Any CPU.ActiveCfg = Release|Any CPU
		{E7C8A722-70AB-4CFB-A4B7-A4DBE6D093EA}.Release|Any CPU.Build.0 = Release|Any CPU
		{284ED061-8190-48D5-B9F0-6922C5480ACD}.Debug|Any CPU.ActiveCfg = Debug|Any CPU
		{284ED061-8190-48D5-B9F0-6922C5480ACD}.Debug|Any CPU.Build.0 = Debug|Any CPU
		{284ED061-8190-48D5-B9F0-6922C5480ACD}.Release|Any CPU.ActiveCfg = Release|Any CPU
		{284ED061-8190-48D5-B9F0-6922C5480ACD}.Release|Any CPU.Build.0 = Release|Any CPU
		{604A38EA-FCE4-4169-937A-4546549EE850}.Debug|Any CPU.ActiveCfg = Debug|Any CPU
		{604A38EA-FCE4-4169-937A-4546549EE850}.Debug|Any CPU.Build.0 = Debug|Any CPU
		{604A38EA-FCE4-4169-937A-4546549EE850}.Release|Any CPU.ActiveCfg = Release|Any CPU
		{604A38EA-FCE4-4169-937A-4546549EE850}.Release|Any CPU.Build.0 = Release|Any CPU
		{B0C89874-5F47-466C-8C5E-04076FE022ED}.Debug|Any CPU.ActiveCfg = Debug|Any CPU
		{B0C89874-5F47-466C-8C5E-04076FE022ED}.Debug|Any CPU.Build.0 = Debug|Any CPU
		{B0C89874-5F47-466C-8C5E-04076FE022ED}.Release|Any CPU.ActiveCfg = Release|Any CPU
		{B0C89874-5F47-466C-8C5E-04076FE022ED}.Release|Any CPU.Build.0 = Release|Any CPU
		{895068FC-046A-48C0-AC32-B344A9B01637}.Debug|Any CPU.ActiveCfg = Debug|Any CPU
		{895068FC-046A-48C0-AC32-B344A9B01637}.Debug|Any CPU.Build.0 = Debug|Any CPU
		{895068FC-046A-48C0-AC32-B344A9B01637}.Release|Any CPU.ActiveCfg = Release|Any CPU
		{895068FC-046A-48C0-AC32-B344A9B01637}.Release|Any CPU.Build.0 = Release|Any CPU
	EndGlobalSection
	GlobalSection(SolutionProperties) = preSolution
		HideSolutionNode = FALSE
	EndGlobalSection
	GlobalSection(ExtensibilityGlobals) = postSolution
		SolutionGuid = {4E14CF4C-2DF2-4E13-BD61-4DB25DB947B4}
	EndGlobalSection
EndGlobal
